
Microsoft Visual Studio Solution File, Format Version 12.00
# Visual Studio 15
VisualStudioVersion = 15.0.27703.2026
MinimumVisualStudioVersion = 10.0.40219.1
Project("{FAE04EC0-301F-11D3-BF4B-00C04F79EFBC}") = "SpecWheels", "SpecWheels\SpecWheels.csproj", "{B5383ECF-05CA-47F7-A219-3A1C778E2BBB}"
EndProject
Global
	GlobalSection(SolutionConfigurationPlatforms) = preSolution
		Debug|Any CPU = Debug|Any CPU
		Release|Any CPU = Release|Any CPU
	EndGlobalSection
	GlobalSection(ProjectConfigurationPlatforms) = postSolution
		{B5383ECF-05CA-47F7-A219-3A1C778E2BBB}.Debug|Any CPU.ActiveCfg = Debug|Any CPU
		{B5383ECF-05CA-47F7-A219-3A1C778E2BBB}.Debug|Any CPU.Build.0 = Debug|Any CPU
		{B5383ECF-05CA-47F7-A219-3A1C778E2BBB}.Release|Any CPU.ActiveCfg = Release|Any CPU
		{B5383ECF-05CA-47F7-A219-3A1C778E2BBB}.Release|Any CPU.Build.0 = Release|Any CPU
	EndGlobalSection
	GlobalSection(SolutionProperties) = preSolution
		HideSolutionNode = FALSE
	EndGlobalSection
	GlobalSection(ExtensibilityGlobals) = postSolution
		SolutionGuid = {BC9C4A84-5460-40E4-8D55-A400A06EFAFC}
	EndGlobalSection
EndGlobal
